
Microsoft Visual Studio Solution File, Format Version 12.00
# Visual Studio 15
VisualStudioVersion = 15.0.27428.2005
MinimumVisualStudioVersion = 10.0.40219.1
Project("{FAE04EC0-301F-11D3-BF4B-00C04F79EFBC}") = "ServerCore", "ServerCore\ServerCore.csproj", "{5E72A8EB-1810-4F60-903E-67A9B21EBD13}"
EndProject
Global
	GlobalSection(SolutionConfigurationPlatforms) = preSolution
		Debug|Any CPU = Debug|Any CPU
		Release|Any CPU = Release|Any CPU
	EndGlobalSection
	GlobalSection(ProjectConfigurationPlatforms) = postSolution
		{5E72A8EB-1810-4F60-903E-67A9B21EBD13}.Debug|Any CPU.ActiveCfg = Debug|Any CPU
		{5E72A8EB-1810-4F60-903E-67A9B21EBD13}.Debug|Any CPU.Build.0 = Debug|Any CPU
		{5E72A8EB-1810-4F60-903E-67A9B21EBD13}.Release|Any CPU.ActiveCfg = Release|Any CPU
		{5E72A8EB-1810-4F60-903E-67A9B21EBD13}.Release|Any CPU.Build.0 = Release|Any CPU
	EndGlobalSection
	GlobalSection(SolutionProperties) = preSolution
		HideSolutionNode = FALSE
	EndGlobalSection
	GlobalSection(ExtensibilityGlobals) = postSolution
		SolutionGuid = {49FB5A58-37DE-4F86-A3A3-5932F907CB9A}
	EndGlobalSection
EndGlobal
